# This file is automatically @generated by Poetry 1.8.4 and should not be changed by hand.

[[package]]
name = "alembic"
version = "1.14.0"
description = "A database migration tool for SQLAlchemy."
optional = false
python-versions = "*"
files = []

[[package]]
name = "psycopg2-binary"
version = "2.9.10"
description = "psycopg2 - Python-PostgreSQL Database Adapter"
optional = false
python-versions = "*"
files = []

[[package]]
name = "pytest"
version = "8.3.3"
description = "pytest: simple powerful testing with Python"
optional = false
python-versions = "*"
files = []

[[package]]
name = "python-decouple"
version = "3.8"
description = "Strict separation of settings from code."
optional = false
python-versions = "*"
files = []

[[package]]
name = "SQLAlchemy"
version = "2.0.36"
description = "Database Abstraction Library"
optional = false
python-versions = "*"
files = []

[metadata]
lock-version = "2.0"
python-versions = "^3.11"
content-hash = "883b3bc1c6fbfeebd926e47740eb15505456baba8d6ba732f9b1e89955c35f5c"
